
Microsoft Visual Studio Solution File, Format Version 12.00
# Visual Studio Version 17
VisualStudioVersion = 17.12.35527.113 d17.12
MinimumVisualStudioVersion = 10.0.40219.1
Project("{8BC9CEB8-8B4A-11D0-8D11-00A0C91BC942}") = "silent-hill-2-internal-trainer", "silent-hill-2-internal-trainer.vcxproj", "{54DF65B3-4D3B-4A70-B59D-2D1DFC58EA40}"
EndProject
Global
	GlobalSection(SolutionConfigurationPlatforms) = preSolution
		Debug|x64 = Debug|x64
		Release|x64 = Release|x64
	EndGlobalSection
	GlobalSection(ProjectConfigurationPlatforms) = postSolution
		{54DF65B3-4D3B-4A70-B59D-2D1DFC58EA40}.Debug|x64.ActiveCfg = Debug|x64
		{54DF65B3-4D3B-4A70-B59D-2D1DFC58EA40}.Debug|x64.Build.0 = Debug|x64
		{54DF65B3-4D3B-4A70-B59D-2D1DFC58EA40}.Release|x64.ActiveCfg = Release|x64
		{54DF65B3-4D3B-4A70-B59D-2D1DFC58EA40}.Release|x64.Build.0 = Release|x64
	EndGlobalSection
	GlobalSection(SolutionProperties) = preSolution
		HideSolutionNode = FALSE
	EndGlobalSection
EndGlobal
